// !$*UTF8*$!
{
	archiveVersion = 1;
	classes = {
	};
	objectVersion = 50;
	objects = {

/* Begin PBXBuildFile section */
		991CCA7E21468D3A006CC331 /* Device Struct.swift in Sources */ = {isa = PBXBuildFile; fileRef = 991CCA7D21468D3A006CC331 /* Device Struct.swift */; };
		991CCA8021468D5A006CC331 /* TranslateStruct.swift in Sources */ = {isa = PBXBuildFile; fileRef = 991CCA7F21468D5A006CC331 /* TranslateStruct.swift */; };
		99362FE521527DF400CEA4C5 /* DeviceTest.swift in Sources */ = {isa = PBXBuildFile; fileRef = 99362FE421527DF400CEA4C5 /* DeviceTest.swift */; };
		99362FEB21527F1F00CEA4C5 /* FakeResponseDataTranslate.swift in Sources */ = {isa = PBXBuildFile; fileRef = 99362FEA21527F1F00CEA4C5 /* FakeResponseDataTranslate.swift */; };
		99362FED21527F2E00CEA4C5 /* FakeResponseDataMeteo.swift in Sources */ = {isa = PBXBuildFile; fileRef = 99362FEC21527F2E00CEA4C5 /* FakeResponseDataMeteo.swift */; };
		99362FEF21527F6900CEA4C5 /* TranslateTest.swift in Sources */ = {isa = PBXBuildFile; fileRef = 99362FEE21527F6900CEA4C5 /* TranslateTest.swift */; };
		993630012152807900CEA4C5 /* FakeResponseDataDevice.swift in Sources */ = {isa = PBXBuildFile; fileRef = 99362FE621527E7700CEA4C5 /* FakeResponseDataDevice.swift */; };
		993630032152811800CEA4C5 /* MeteoTest.swift in Sources */ = {isa = PBXBuildFile; fileRef = 993630022152811800CEA4C5 /* MeteoTest.swift */; };
		993E9BBE214D141800C34D19 /* TranslationLanguages.json in Resources */ = {isa = PBXBuildFile; fileRef = 993E9BBD214D141800C34D19 /* TranslationLanguages.json */; };
		996274362138A751003C25DA /* MeteoService.swift in Sources */ = {isa = PBXBuildFile; fileRef = 996274352138A751003C25DA /* MeteoService.swift */; };
		996274382138B5A1003C25DA /* TranslateService.swift in Sources */ = {isa = PBXBuildFile; fileRef = 996274372138B5A1003C25DA /* TranslateService.swift */; };
		999C9BB0212E275200E302CF /* TranslateViewController.swift in Sources */ = {isa = PBXBuildFile; fileRef = 999C9BAF212E275200E302CF /* TranslateViewController.swift */; };
		999C9BB2212E276900E302CF /* MeteoViewController.swift in Sources */ = {isa = PBXBuildFile; fileRef = 999C9BB1212E276900E302CF /* MeteoViewController.swift */; };
		99AD3BFD214F06FE0055EA49 /* Meteo.json in Resources */ = {isa = PBXBuildFile; fileRef = 99AD3BFC214F06FE0055EA49 /* Meteo.json */; };
		99AD3BFF214F0C2F0055EA49 /* MeteoViewCell.swift in Sources */ = {isa = PBXBuildFile; fileRef = 99AD3BFE214F0C2F0055EA49 /* MeteoViewCell.swift */; };
		99AD800E214BF0DA00E60D87 /* Device.json in Resources */ = {isa = PBXBuildFile; fileRef = 99AD800D214BF0DA00E60D87 /* Device.json */; };
		99AD8010214BF10A00E60D87 /* Translation.json in Resources */ = {isa = PBXBuildFile; fileRef = 99AD800F214BF10A00E60D87 /* Translation.json */; };
		99AD8014214BF6E700E60D87 /* URLSessionFake.swift in Sources */ = {isa = PBXBuildFile; fileRef = 99AD8013214BF6E700E60D87 /* URLSessionFake.swift */; };
		99AD8016214BFCF600E60D87 /* ExchangeViewController.swift in Sources */ = {isa = PBXBuildFile; fileRef = 99AD8015214BFCF600E60D87 /* ExchangeViewController.swift */; };
		99AD801A214C19AF00E60D87 /* DeviceSymbols.json in Resources */ = {isa = PBXBuildFile; fileRef = 99AD8019214C19AF00E60D87 /* DeviceSymbols.json */; };
		99E0EA14212C640B00EB8CA2 /* AppDelegate.swift in Sources */ = {isa = PBXBuildFile; fileRef = 99E0EA13212C640B00EB8CA2 /* AppDelegate.swift */; };
		99E0EA19212C640B00EB8CA2 /* Main.storyboard in Resources */ = {isa = PBXBuildFile; fileRef = 99E0EA17212C640B00EB8CA2 /* Main.storyboard */; };
		99E0EA1B212C640C00EB8CA2 /* Assets.xcassets in Resources */ = {isa = PBXBuildFile; fileRef = 99E0EA1A212C640C00EB8CA2 /* Assets.xcassets */; };
		99E0EA1E212C640C00EB8CA2 /* LaunchScreen.storyboard in Resources */ = {isa = PBXBuildFile; fileRef = 99E0EA1C212C640C00EB8CA2 /* LaunchScreen.storyboard */; };
		99F27E292135F9D800D56DBD /* DeviceService.swift in Sources */ = {isa = PBXBuildFile; fileRef = 99F27E282135F9D800D56DBD /* DeviceService.swift */; };
		99F27E2B2135FAC400D56DBD /* MeteoStruct.swift in Sources */ = {isa = PBXBuildFile; fileRef = 99F27E2A2135FAC400D56DBD /* MeteoStruct.swift */; };
/* End PBXBuildFile section */

/* Begin PBXContainerItemProxy section */
		992499FC213D3BB000BA4385 /* PBXContainerItemProxy */ = {
			isa = PBXContainerItemProxy;
			containerPortal = 99E0EA08212C640B00EB8CA2 /* Project object */;
			proxyType = 1;
			remoteGlobalIDString = 99E0EA0F212C640B00EB8CA2;
			remoteInfo = "Projet 9";
		};
/* End PBXContainerItemProxy section */

/* Begin PBXFileReference section */
		991CCA7D21468D3A006CC331 /* Device Struct.swift */ = {isa = PBXFileReference; lastKnownFileType = sourcecode.swift; path = "Device Struct.swift"; sourceTree = "<group>"; };
		991CCA7F21468D5A006CC331 /* TranslateStruct.swift */ = {isa = PBXFileReference; lastKnownFileType = sourcecode.swift; path = TranslateStruct.swift; sourceTree = "<group>"; };
		992499F7213D3BB000BA4385 /* Projet9TestsCase.xctest */ = {isa = PBXFileReference; explicitFileType = wrapper.cfbundle; includeInIndex = 0; path = Projet9TestsCase.xctest; sourceTree = BUILT_PRODUCTS_DIR; };
		992499FB213D3BB000BA4385 /* Info.plist */ = {isa = PBXFileReference; lastKnownFileType = text.plist.xml; path = Info.plist; sourceTree = "<group>"; };
		99362FE421527DF400CEA4C5 /* DeviceTest.swift */ = {isa = PBXFileReference; lastKnownFileType = sourcecode.swift; path = DeviceTest.swift; sourceTree = "<group>"; };
		99362FE621527E7700CEA4C5 /* FakeResponseDataDevice.swift */ = {isa = PBXFileReference; lastKnownFileType = sourcecode.swift; path = FakeResponseDataDevice.swift; sourceTree = "<group>"; };
		99362FEA21527F1F00CEA4C5 /* FakeResponseDataTranslate.swift */ = {isa = PBXFileReference; lastKnownFileType = sourcecode.swift; path = FakeResponseDataTranslate.swift; sourceTree = "<group>"; };
		99362FEC21527F2E00CEA4C5 /* FakeResponseDataMeteo.swift */ = {isa = PBXFileReference; lastKnownFileType = sourcecode.swift; path = FakeResponseDataMeteo.swift; sourceTree = "<group>"; };
		99362FEE21527F6900CEA4C5 /* TranslateTest.swift */ = {isa = PBXFileReference; lastKnownFileType = sourcecode.swift; path = TranslateTest.swift; sourceTree = "<group>"; };
		993630022152811800CEA4C5 /* MeteoTest.swift */ = {isa = PBXFileReference; lastKnownFileType = sourcecode.swift; path = MeteoTest.swift; sourceTree = "<group>"; };
		993E9BBD214D141800C34D19 /* TranslationLanguages.json */ = {isa = PBXFileReference; lastKnownFileType = text.json; path = TranslationLanguages.json; sourceTree = "<group>"; };
		996274352138A751003C25DA /* MeteoService.swift */ = {isa = PBXFileReference; lastKnownFileType = sourcecode.swift; path = MeteoService.swift; sourceTree = "<group>"; };
		996274372138B5A1003C25DA /* TranslateService.swift */ = {isa = PBXFileReference; lastKnownFileType = sourcecode.swift; path = TranslateService.swift; sourceTree = "<group>"; };
		999C9BAF212E275200E302CF /* TranslateViewController.swift */ = {isa = PBXFileReference; indentWidth = 5; lastKnownFileType = sourcecode.swift; path = TranslateViewController.swift; sourceTree = "<group>"; };
		999C9BB1212E276900E302CF /* MeteoViewController.swift */ = {isa = PBXFileReference; lastKnownFileType = sourcecode.swift; path = MeteoViewController.swift; sourceTree = "<group>"; };
		99AD3BFC214F06FE0055EA49 /* Meteo.json */ = {isa = PBXFileReference; lastKnownFileType = text.json; path = Meteo.json; sourceTree = "<group>"; };
		99AD3BFE214F0C2F0055EA49 /* MeteoViewCell.swift */ = {isa = PBXFileReference; lastKnownFileType = sourcecode.swift; path = MeteoViewCell.swift; sourceTree = "<group>"; };
		99AD800D214BF0DA00E60D87 /* Device.json */ = {isa = PBXFileReference; lastKnownFileType = text.json; path = Device.json; sourceTree = "<group>"; };
		99AD800F214BF10A00E60D87 /* Translation.json */ = {isa = PBXFileReference; lastKnownFileType = text.json; path = Translation.json; sourceTree = "<group>"; };
		99AD8013214BF6E700E60D87 /* URLSessionFake.swift */ = {isa = PBXFileReference; lastKnownFileType = sourcecode.swift; path = URLSessionFake.swift; sourceTree = "<group>"; };
		99AD8015214BFCF600E60D87 /* ExchangeViewController.swift */ = {isa = PBXFileReference; fileEncoding = 4; lastKnownFileType = sourcecode.swift; path = ExchangeViewController.swift; sourceTree = "<group>"; };
		99AD8019214C19AF00E60D87 /* DeviceSymbols.json */ = {isa = PBXFileReference; lastKnownFileType = text.json; path = DeviceSymbols.json; sourceTree = "<group>"; };
		99E0EA10212C640B00EB8CA2 /* Projet9.app */ = {isa = PBXFileReference; explicitFileType = wrapper.application; includeInIndex = 0; path = Projet9.app; sourceTree = BUILT_PRODUCTS_DIR; };
		99E0EA13212C640B00EB8CA2 /* AppDelegate.swift */ = {isa = PBXFileReference; lastKnownFileType = sourcecode.swift; path = AppDelegate.swift; sourceTree = "<group>"; };
		99E0EA18212C640B00EB8CA2 /* Base */ = {isa = PBXFileReference; lastKnownFileType = file.storyboard; name = Base; path = Base.lproj/Main.storyboard; sourceTree = "<group>"; };
		99E0EA1A212C640C00EB8CA2 /* Assets.xcassets */ = {isa = PBXFileReference; lastKnownFileType = folder.assetcatalog; path = Assets.xcassets; sourceTree = "<group>"; };
		99E0EA1D212C640C00EB8CA2 /* Base */ = {isa = PBXFileReference; lastKnownFileType = file.storyboard; name = Base; path = Base.lproj/LaunchScreen.storyboard; sourceTree = "<group>"; };
		99E0EA1F212C640C00EB8CA2 /* Info.plist */ = {isa = PBXFileReference; lastKnownFileType = text.plist.xml; path = Info.plist; sourceTree = "<group>"; };
		99F27E282135F9D800D56DBD /* DeviceService.swift */ = {isa = PBXFileReference; lastKnownFileType = sourcecode.swift; path = DeviceService.swift; sourceTree = "<group>"; };
		99F27E2A2135FAC400D56DBD /* MeteoStruct.swift */ = {isa = PBXFileReference; lastKnownFileType = sourcecode.swift; path = MeteoStruct.swift; sourceTree = "<group>"; };
/* End PBXFileReference section */

/* Begin PBXFrameworksBuildPhase section */
		992499F4213D3BB000BA4385 /* Frameworks */ = {
			isa = PBXFrameworksBuildPhase;
			buildActionMask = 2147483647;
			files = (
			);
			runOnlyForDeploymentPostprocessing = 0;
		};
		99E0EA0D212C640B00EB8CA2 /* Frameworks */ = {
			isa = PBXFrameworksBuildPhase;
			buildActionMask = 2147483647;
			files = (
			);
			runOnlyForDeploymentPostprocessing = 0;
		};
/* End PBXFrameworksBuildPhase section */

/* Begin PBXGroup section */
		992499F8213D3BB000BA4385 /* Projet9TestsCase */ = {
			isa = PBXGroup;
			children = (
				99AD8013214BF6E700E60D87 /* URLSessionFake.swift */,
				99362FE321527DB200CEA4C5 /* Device */,
				99362FE821527E8400CEA4C5 /* Translate */,
				99362FE921527E8F00CEA4C5 /* Meteo */,
				992499FB213D3BB000BA4385 /* Info.plist */,
			);
			path = Projet9TestsCase;
			sourceTree = "<group>";
		};
		99362FD221527C4900CEA4C5 /* Device */ = {
			isa = PBXGroup;
			children = (
				99F27E282135F9D800D56DBD /* DeviceService.swift */,
				991CCA7D21468D3A006CC331 /* Device Struct.swift */,
			);
			path = Device;
			sourceTree = "<group>";
		};
		99362FD321527C5F00CEA4C5 /* Translation */ = {
			isa = PBXGroup;
			children = (
				996274372138B5A1003C25DA /* TranslateService.swift */,
				991CCA7F21468D5A006CC331 /* TranslateStruct.swift */,
			);
			path = Translation;
			sourceTree = "<group>";
		};
		99362FD421527C7500CEA4C5 /* Meteo */ = {
			isa = PBXGroup;
			children = (
				996274352138A751003C25DA /* MeteoService.swift */,
				99F27E2A2135FAC400D56DBD /* MeteoStruct.swift */,
			);
			path = Meteo;
			sourceTree = "<group>";
		};
		99362FE321527DB200CEA4C5 /* Device */ = {
			isa = PBXGroup;
			children = (
				99362FE421527DF400CEA4C5 /* DeviceTest.swift */,
				99362FE621527E7700CEA4C5 /* FakeResponseDataDevice.swift */,
				99AD800D214BF0DA00E60D87 /* Device.json */,
				99AD8019214C19AF00E60D87 /* DeviceSymbols.json */,
			);
			path = Device;
			sourceTree = "<group>";
		};
		99362FE821527E8400CEA4C5 /* Translate */ = {
			isa = PBXGroup;
			children = (
				99362FEE21527F6900CEA4C5 /* TranslateTest.swift */,
				99362FEA21527F1F00CEA4C5 /* FakeResponseDataTranslate.swift */,
				99AD800F214BF10A00E60D87 /* Translation.json */,
				993E9BBD214D141800C34D19 /* TranslationLanguages.json */,
			);
			path = Translate;
			sourceTree = "<group>";
		};
		99362FE921527E8F00CEA4C5 /* Meteo */ = {
			isa = PBXGroup;
			children = (
				993630022152811800CEA4C5 /* MeteoTest.swift */,
				99362FEC21527F2E00CEA4C5 /* FakeResponseDataMeteo.swift */,
				99AD3BFC214F06FE0055EA49 /* Meteo.json */,
			);
			path = Meteo;
			sourceTree = "<group>";
		};
		99E0EA07212C640B00EB8CA2 = {
			isa = PBXGroup;
			children = (
				99E0EA12212C640B00EB8CA2 /* Projet9 */,
				992499F8213D3BB000BA4385 /* Projet9TestsCase */,
				99E0EA11212C640B00EB8CA2 /* Products */,
			);
			sourceTree = "<group>";
		};
		99E0EA11212C640B00EB8CA2 /* Products */ = {
			isa = PBXGroup;
			children = (
				99E0EA10212C640B00EB8CA2 /* Projet9.app */,
				992499F7213D3BB000BA4385 /* Projet9TestsCase.xctest */,
			);
			name = Products;
			sourceTree = "<group>";
		};
		99E0EA12212C640B00EB8CA2 /* Projet9 */ = {
			isa = PBXGroup;
			children = (
				99F0A59E2133EA3900F3BAB9 /* Supporting Files */,
				99E0EA27212C643C00EB8CA2 /* Model */,
				99E0EA26212C642900EB8CA2 /* View */,
				99E0EA25212C641F00EB8CA2 /* Controller */,
			);
			path = Projet9;
			sourceTree = "<group>";
		};
		99E0EA25212C641F00EB8CA2 /* Controller */ = {
			isa = PBXGroup;
			children = (
				99AD8015214BFCF600E60D87 /* ExchangeViewController.swift */,
				999C9BAF212E275200E302CF /* TranslateViewController.swift */,
				999C9BB1212E276900E302CF /* MeteoViewController.swift */,
			);
			path = Controller;
			sourceTree = "<group>";
		};
		99E0EA26212C642900EB8CA2 /* View */ = {
			isa = PBXGroup;
			children = (
				99AD3BFE214F0C2F0055EA49 /* MeteoViewCell.swift */,
				99E0EA17212C640B00EB8CA2 /* Main.storyboard */,
				99E0EA1C212C640C00EB8CA2 /* LaunchScreen.storyboard */,
			);
			path = View;
			sourceTree = "<group>";
		};
		99E0EA27212C643C00EB8CA2 /* Model */ = {
			isa = PBXGroup;
			children = (
				99362FD221527C4900CEA4C5 /* Device */,
				99362FD321527C5F00CEA4C5 /* Translation */,
				99362FD421527C7500CEA4C5 /* Meteo */,
			);
			path = Model;
			sourceTree = "<group>";
		};
		99F0A59E2133EA3900F3BAB9 /* Supporting Files */ = {
			isa = PBXGroup;
			children = (
				99E0EA1A212C640C00EB8CA2 /* Assets.xcassets */,
				99E0EA1F212C640C00EB8CA2 /* Info.plist */,
				99E0EA13212C640B00EB8CA2 /* AppDelegate.swift */,
			);
			path = "Supporting Files";
			sourceTree = "<group>";
		};
/* End PBXGroup section */

/* Begin PBXNativeTarget section */
		992499F6213D3BB000BA4385 /* Projet9TestsCase */ = {
			isa = PBXNativeTarget;
			buildConfigurationList = 992499FE213D3BB000BA4385 /* Build configuration list for PBXNativeTarget "Projet9TestsCase" */;
			buildPhases = (
				992499F3213D3BB000BA4385 /* Sources */,
				992499F4213D3BB000BA4385 /* Frameworks */,
				992499F5213D3BB000BA4385 /* Resources */,
			);
			buildRules = (
			);
			dependencies = (
				992499FD213D3BB000BA4385 /* PBXTargetDependency */,
			);
			name = Projet9TestsCase;
			productName = Projet9TestsCase;
			productReference = 992499F7213D3BB000BA4385 /* Projet9TestsCase.xctest */;
			productType = "com.apple.product-type.bundle.unit-test";
		};
		99E0EA0F212C640B00EB8CA2 /* Projet9 */ = {
			isa = PBXNativeTarget;
			buildConfigurationList = 99E0EA22212C640C00EB8CA2 /* Build configuration list for PBXNativeTarget "Projet9" */;
			buildPhases = (
				99E0EA0C212C640B00EB8CA2 /* Sources */,
				99E0EA0D212C640B00EB8CA2 /* Frameworks */,
				99E0EA0E212C640B00EB8CA2 /* Resources */,
			);
			buildRules = (
			);
			dependencies = (
			);
			name = Projet9;
			productName = "Projet 9";
			productReference = 99E0EA10212C640B00EB8CA2 /* Projet9.app */;
			productType = "com.apple.product-type.application";
		};
/* End PBXNativeTarget section */

/* Begin PBXProject section */
		99E0EA08212C640B00EB8CA2 /* Project object */ = {
			isa = PBXProject;
			attributes = {
				LastSwiftUpdateCheck = 1000;
				LastUpgradeCheck = 0940;
				ORGANIZATIONNAME = "Amg-Industries";
				TargetAttributes = {
					992499F6213D3BB000BA4385 = {
						CreatedOnToolsVersion = 9.4.1;
						LastSwiftMigration = 1000;
						TestTargetID = 99E0EA0F212C640B00EB8CA2;
					};
					99E0EA0F212C640B00EB8CA2 = {
						CreatedOnToolsVersion = 9.4.1;
						LastSwiftMigration = 1000;
					};
				};
			};
			buildConfigurationList = 99E0EA0B212C640B00EB8CA2 /* Build configuration list for PBXProject "Projet9" */;
			compatibilityVersion = "Xcode 9.3";
			developmentRegion = en;
			hasScannedForEncodings = 0;
			knownRegions = (
				en,
				Base,
			);
			mainGroup = 99E0EA07212C640B00EB8CA2;
			productRefGroup = 99E0EA11212C640B00EB8CA2 /* Products */;
			projectDirPath = "";
			projectRoot = "";
			targets = (
				99E0EA0F212C640B00EB8CA2 /* Projet9 */,
				992499F6213D3BB000BA4385 /* Projet9TestsCase */,
			);
		};
/* End PBXProject section */

/* Begin PBXResourcesBuildPhase section */
		992499F5213D3BB000BA4385 /* Resources */ = {
			isa = PBXResourcesBuildPhase;
			buildActionMask = 2147483647;
			files = (
				99AD800E214BF0DA00E60D87 /* Device.json in Resources */,
				99AD8010214BF10A00E60D87 /* Translation.json in Resources */,
				99AD801A214C19AF00E60D87 /* DeviceSymbols.json in Resources */,
				99AD3BFD214F06FE0055EA49 /* Meteo.json in Resources */,
				993E9BBE214D141800C34D19 /* TranslationLanguages.json in Resources */,
			);
			runOnlyForDeploymentPostprocessing = 0;
		};
		99E0EA0E212C640B00EB8CA2 /* Resources */ = {
			isa = PBXResourcesBuildPhase;
			buildActionMask = 2147483647;
			files = (
				99E0EA1E212C640C00EB8CA2 /* LaunchScreen.storyboard in Resources */,
				99E0EA1B212C640C00EB8CA2 /* Assets.xcassets in Resources */,
				99E0EA19212C640B00EB8CA2 /* Main.storyboard in Resources */,
			);
			runOnlyForDeploymentPostprocessing = 0;
		};
/* End PBXResourcesBuildPhase section */

/* Begin PBXSourcesBuildPhase section */
		992499F3213D3BB000BA4385 /* Sources */ = {
			isa = PBXSourcesBuildPhase;
			buildActionMask = 2147483647;
			files = (
				993630012152807900CEA4C5 /* FakeResponseDataDevice.swift in Sources */,
				99AD8014214BF6E700E60D87 /* URLSessionFake.swift in Sources */,
				993630032152811800CEA4C5 /* MeteoTest.swift in Sources */,
				99362FED21527F2E00CEA4C5 /* FakeResponseDataMeteo.swift in Sources */,
				99362FEF21527F6900CEA4C5 /* TranslateTest.swift in Sources */,
				99362FE521527DF400CEA4C5 /* DeviceTest.swift in Sources */,
				99362FEB21527F1F00CEA4C5 /* FakeResponseDataTranslate.swift in Sources */,
			);
			runOnlyForDeploymentPostprocessing = 0;
		};
		99E0EA0C212C640B00EB8CA2 /* Sources */ = {
			isa = PBXSourcesBuildPhase;
			buildActionMask = 2147483647;
			files = (
				996274382138B5A1003C25DA /* TranslateService.swift in Sources */,
				99E0EA14212C640B00EB8CA2 /* AppDelegate.swift in Sources */,
				999C9BB2212E276900E302CF /* MeteoViewController.swift in Sources */,
				99F27E2B2135FAC400D56DBD /* MeteoStruct.swift in Sources */,
				999C9BB0212E275200E302CF /* TranslateViewController.swift in Sources */,
				99F27E292135F9D800D56DBD /* DeviceService.swift in Sources */,
				991CCA8021468D5A006CC331 /* TranslateStruct.swift in Sources */,
				991CCA7E21468D3A006CC331 /* Device Struct.swift in Sources */,
				996274362138A751003C25DA /* MeteoService.swift in Sources */,
				99AD8016214BFCF600E60D87 /* ExchangeViewController.swift in Sources */,
				99AD3BFF214F0C2F0055EA49 /* MeteoViewCell.swift in Sources */,
			);
			runOnlyForDeploymentPostprocessing = 0;
		};
/* End PBXSourcesBuildPhase section */

/* Begin PBXTargetDependency section */
		992499FD213D3BB000BA4385 /* PBXTargetDependency */ = {
			isa = PBXTargetDependency;
			target = 99E0EA0F212C640B00EB8CA2 /* Projet9 */;
			targetProxy = 992499FC213D3BB000BA4385 /* PBXContainerItemProxy */;
		};
/* End PBXTargetDependency section */

/* Begin PBXVariantGroup section */
		99E0EA17212C640B00EB8CA2 /* Main.storyboard */ = {
			isa = PBXVariantGroup;
			children = (
				99E0EA18212C640B00EB8CA2 /* Base */,
			);
			name = Main.storyboard;
			sourceTree = "<group>";
		};
		99E0EA1C212C640C00EB8CA2 /* LaunchScreen.storyboard */ = {
			isa = PBXVariantGroup;
			children = (
				99E0EA1D212C640C00EB8CA2 /* Base */,
			);
			name = LaunchScreen.storyboard;
			sourceTree = "<group>";
		};
/* End PBXVariantGroup section */

/* Begin XCBuildConfiguration section */
		992499FF213D3BB000BA4385 /* Debug */ = {
			isa = XCBuildConfiguration;
			buildSettings = {
				BUNDLE_LOADER = "$(TEST_HOST)";
				CODE_SIGN_STYLE = Automatic;
				DEVELOPMENT_TEAM = 9G9YW479WH;
				INFOPLIST_FILE = Projet9TestsCase/Info.plist;
				LD_RUNPATH_SEARCH_PATHS = (
					"$(inherited)",
					"@executable_path/Frameworks",
					"@loader_path/Frameworks",
				);
				PRODUCT_BUNDLE_IDENTIFIER = fr.amgindustries.Projet9TestsCase;
				PRODUCT_NAME = "$(TARGET_NAME)";
				SWIFT_VERSION = 4.2;
				TARGETED_DEVICE_FAMILY = "1,2";
				TEST_HOST = "$(BUILT_PRODUCTS_DIR)/Projet9.app/Projet9";
			};
			name = Debug;
		};
		99249A00213D3BB000BA4385 /* Release */ = {
			isa = XCBuildConfiguration;
			buildSettings = {
				BUNDLE_LOADER = "$(TEST_HOST)";
				CODE_SIGN_STYLE = Automatic;
				DEVELOPMENT_TEAM = 9G9YW479WH;
				INFOPLIST_FILE = Projet9TestsCase/Info.plist;
				LD_RUNPATH_SEARCH_PATHS = (
					"$(inherited)",
					"@executable_path/Frameworks",
					"@loader_path/Frameworks",
				);
				PRODUCT_BUNDLE_IDENTIFIER = fr.amgindustries.Projet9TestsCase;
				PRODUCT_NAME = "$(TARGET_NAME)";
				SWIFT_VERSION = 4.2;
				TARGETED_DEVICE_FAMILY = "1,2";
				TEST_HOST = "$(BUILT_PRODUCTS_DIR)/Projet9.app/Projet9";
			};
			name = Release;
		};
		99E0EA20212C640C00EB8CA2 /* Debug */ = {
			isa = XCBuildConfiguration;
			buildSettings = {
				ALWAYS_SEARCH_USER_PATHS = NO;
				CLANG_ANALYZER_NONNULL = YES;
				CLANG_ANALYZER_NUMBER_OBJECT_CONVERSION = YES_AGGRESSIVE;
				CLANG_CXX_LANGUAGE_STANDARD = "gnu++14";
				CLANG_CXX_LIBRARY = "libc++";
				CLANG_ENABLE_MODULES = YES;
				CLANG_ENABLE_OBJC_ARC = YES;
				CLANG_ENABLE_OBJC_WEAK = YES;
				CLANG_WARN_BLOCK_CAPTURE_AUTORELEASING = YES;
				CLANG_WARN_BOOL_CONVERSION = YES;
				CLANG_WARN_COMMA = YES;
				CLANG_WARN_CONSTANT_CONVERSION = YES;
				CLANG_WARN_DEPRECATED_OBJC_IMPLEMENTATIONS = YES;
				CLANG_WARN_DIRECT_OBJC_ISA_USAGE = YES_ERROR;
				CLANG_WARN_DOCUMENTATION_COMMENTS = YES;
				CLANG_WARN_EMPTY_BODY = YES;
				CLANG_WARN_ENUM_CONVERSION = YES;
				CLANG_WARN_INFINITE_RECURSION = YES;
				CLANG_WARN_INT_CONVERSION = YES;
				CLANG_WARN_NON_LITERAL_NULL_CONVERSION = YES;
				CLANG_WARN_OBJC_IMPLICIT_RETAIN_SELF = YES;
				CLANG_WARN_OBJC_LITERAL_CONVERSION = YES;
				CLANG_WARN_OBJC_ROOT_CLASS = YES_ERROR;
				CLANG_WARN_RANGE_LOOP_ANALYSIS = YES;
				CLANG_WARN_STRICT_PROTOTYPES = YES;
				CLANG_WARN_SUSPICIOUS_MOVE = YES;
				CLANG_WARN_UNGUARDED_AVAILABILITY = YES_AGGRESSIVE;
				CLANG_WARN_UNREACHABLE_CODE = YES;
				CLANG_WARN__DUPLICATE_METHOD_MATCH = YES;
				CODE_SIGN_IDENTITY = "iPhone Developer";
				COPY_PHASE_STRIP = NO;
				DEBUG_INFORMATION_FORMAT = dwarf;
				ENABLE_STRICT_OBJC_MSGSEND = YES;
				ENABLE_TESTABILITY = YES;
				GCC_C_LANGUAGE_STANDARD = gnu11;
				GCC_DYNAMIC_NO_PIC = NO;
				GCC_NO_COMMON_BLOCKS = YES;
				GCC_OPTIMIZATION_LEVEL = 0;
				GCC_PREPROCESSOR_DEFINITIONS = (
					"DEBUG=1",
					"$(inherited)",
				);
				GCC_WARN_64_TO_32_BIT_CONVERSION = YES;
				GCC_WARN_ABOUT_RETURN_TYPE = YES_ERROR;
				GCC_WARN_UNDECLARED_SELECTOR = YES;
				GCC_WARN_UNINITIALIZED_AUTOS = YES_AGGRESSIVE;
				GCC_WARN_UNUSED_FUNCTION = YES;
				GCC_WARN_UNUSED_VARIABLE = YES;
				IPHONEOS_DEPLOYMENT_TARGET = 11.4;
				MTL_ENABLE_DEBUG_INFO = YES;
				ONLY_ACTIVE_ARCH = YES;
				SDKROOT = iphoneos;
				SWIFT_ACTIVE_COMPILATION_CONDITIONS = DEBUG;
				SWIFT_OPTIMIZATION_LEVEL = "-Onone";
			};
			name = Debug;
		};
		99E0EA21212C640C00EB8CA2 /* Release */ = {
			isa = XCBuildConfiguration;
			buildSettings = {
				ALWAYS_SEARCH_USER_PATHS = NO;
				CLANG_ANALYZER_NONNULL = YES;
				CLANG_ANALYZER_NUMBER_OBJECT_CONVERSION = YES_AGGRESSIVE;
				CLANG_CXX_LANGUAGE_STANDARD = "gnu++14";
				CLANG_CXX_LIBRARY = "libc++";
				CLANG_ENABLE_MODULES = YES;
				CLANG_ENABLE_OBJC_ARC = YES;
				CLANG_ENABLE_OBJC_WEAK = YES;
				CLANG_WARN_BLOCK_CAPTURE_AUTORELEASING = YES;
				CLANG_WARN_BOOL_CONVERSION = YES;
				CLANG_WARN_COMMA = YES;
				CLANG_WARN_CONSTANT_CONVERSION = YES;
				CLANG_WARN_DEPRECATED_OBJC_IMPLEMENTATIONS = YES;
				CLANG_WARN_DIRECT_OBJC_ISA_USAGE = YES_ERROR;
				CLANG_WARN_DOCUMENTATION_COMMENTS = YES;
				CLANG_WARN_EMPTY_BODY = YES;
				CLANG_WARN_ENUM_CONVERSION = YES;
				CLANG_WARN_INFINITE_RECURSION = YES;
				CLANG_WARN_INT_CONVERSION = YES;
				CLANG_WARN_NON_LITERAL_NULL_CONVERSION = YES;
				CLANG_WARN_OBJC_IMPLICIT_RETAIN_SELF = YES;
				CLANG_WARN_OBJC_LITERAL_CONVERSION = YES;
				CLANG_WARN_OBJC_ROOT_CLASS = YES_ERROR;
				CLANG_WARN_RANGE_LOOP_ANALYSIS = YES;
				CLANG_WARN_STRICT_PROTOTYPES = YES;
				CLANG_WARN_SUSPICIOUS_MOVE = YES;
				CLANG_WARN_UNGUARDED_AVAILABILITY = YES_AGGRESSIVE;
				CLANG_WARN_UNREACHABLE_CODE = YES;
				CLANG_WARN__DUPLICATE_METHOD_MATCH = YES;
				CODE_SIGN_IDENTITY = "iPhone Developer";
				COPY_PHASE_STRIP = NO;
				DEBUG_INFORMATION_FORMAT = "dwarf-with-dsym";
				ENABLE_NS_ASSERTIONS = NO;
				ENABLE_STRICT_OBJC_MSGSEND = YES;
				GCC_C_LANGUAGE_STANDARD = gnu11;
				GCC_NO_COMMON_BLOCKS = YES;
				GCC_WARN_64_TO_32_BIT_CONVERSION = YES;
				GCC_WARN_ABOUT_RETURN_TYPE = YES_ERROR;
				GCC_WARN_UNDECLARED_SELECTOR = YES;
				GCC_WARN_UNINITIALIZED_AUTOS = YES_AGGRESSIVE;
				GCC_WARN_UNUSED_FUNCTION = YES;
				GCC_WARN_UNUSED_VARIABLE = YES;
				IPHONEOS_DEPLOYMENT_TARGET = 11.4;
				MTL_ENABLE_DEBUG_INFO = NO;
				SDKROOT = iphoneos;
				SWIFT_COMPILATION_MODE = wholemodule;
				SWIFT_OPTIMIZATION_LEVEL = "-O";
				VALIDATE_PRODUCT = YES;
			};
			name = Release;
		};
		99E0EA23212C640C00EB8CA2 /* Debug */ = {
			isa = XCBuildConfiguration;
			buildSettings = {
				ASSETCATALOG_COMPILER_APPICON_NAME = AppIcon;
				CODE_SIGN_STYLE = Automatic;
				DEVELOPMENT_TEAM = 9G9YW479WH;
				INFOPLIST_FILE = "$(SRCROOT)/Projet9/Supporting Files/Info.plist";
				LD_RUNPATH_SEARCH_PATHS = (
					"$(inherited)",
					"@executable_path/Frameworks",
				);
				PRODUCT_BUNDLE_IDENTIFIER = fr.amgindustries.Projet9;
				PRODUCT_NAME = "$(TARGET_NAME)";
				SWIFT_VERSION = 4.2;
				TARGETED_DEVICE_FAMILY = 1;
			};
			name = Debug;
		};
		99E0EA24212C640C00EB8CA2 /* Release */ = {
			isa = XCBuildConfiguration;
			buildSettings = {
				ASSETCATALOG_COMPILER_APPICON_NAME = AppIcon;
				CODE_SIGN_STYLE = Automatic;
				DEVELOPMENT_TEAM = 9G9YW479WH;
				INFOPLIST_FILE = "$(SRCROOT)/Projet9/Supporting Files/Info.plist";
				LD_RUNPATH_SEARCH_PATHS = (
					"$(inherited)",
					"@executable_path/Frameworks",
				);
				PRODUCT_BUNDLE_IDENTIFIER = fr.amgindustries.Projet9;
				PRODUCT_NAME = "$(TARGET_NAME)";
				SWIFT_VERSION = 4.2;
				TARGETED_DEVICE_FAMILY = 1;
			};
			name = Release;
		};
/* End XCBuildConfiguration section */

/* Begin XCConfigurationList section */
		992499FE213D3BB000BA4385 /* Build configuration list for PBXNativeTarget "Projet9TestsCase" */ = {
			isa = XCConfigurationList;
			buildConfigurations = (
				992499FF213D3BB000BA4385 /* Debug */,
				99249A00213D3BB000BA4385 /* Release */,
			);
			defaultConfigurationIsVisible = 0;
			defaultConfigurationName = Release;
		};
		99E0EA0B212C640B00EB8CA2 /* Build configuration list for PBXProject "Projet9" */ = {
			isa = XCConfigurationList;
			buildConfigurations = (
				99E0EA20212C640C00EB8CA2 /* Debug */,
				99E0EA21212C640C00EB8CA2 /* Release */,
			);
			defaultConfigurationIsVisible = 0;
			defaultConfigurationName = Release;
		};
		99E0EA22212C640C00EB8CA2 /* Build configuration list for PBXNativeTarget "Projet9" */ = {
			isa = XCConfigurationList;
			buildConfigurations = (
				99E0EA23212C640C00EB8CA2 /* Debug */,
				99E0EA24212C640C00EB8CA2 /* Release */,
			);
			defaultConfigurationIsVisible = 0;
			defaultConfigurationName = Release;
		};
/* End XCConfigurationList section */
	};
	rootObject = 99E0EA08212C640B00EB8CA2 /* Project object */;
}
